// !$*UTF8*$!
{
	archiveVersion = 1;
	classes = {
	};
	objectVersion = 48;
	objects = {

/* Begin PBXBuildFile section */
		5630E6781FB5635D006D4905 /* AppDelegate.swift in Sources */ = {isa = PBXBuildFile; fileRef = 5630E6771FB5635D006D4905 /* AppDelegate.swift */; };
		5630E67A1FB5635D006D4905 /* ViewController.swift in Sources */ = {isa = PBXBuildFile; fileRef = 5630E6791FB5635D006D4905 /* ViewController.swift */; };
		5630E67D1FB5635D006D4905 /* Main.storyboard in Resources */ = {isa = PBXBuildFile; fileRef = 5630E67B1FB5635D006D4905 /* Main.storyboard */; };
		5630E67F1FB5635D006D4905 /* Assets.xcassets in Resources */ = {isa = PBXBuildFile; fileRef = 5630E67E1FB5635D006D4905 /* Assets.xcassets */; };
		5630E6821FB5635D006D4905 /* LaunchScreen.storyboard in Resources */ = {isa = PBXBuildFile; fileRef = 5630E6801FB5635D006D4905 /* LaunchScreen.storyboard */; };
		5630E6C31FB57CB2006D4905 /* AppDelegate.m in Sources */ = {isa = PBXBuildFile; fileRef = 5630E6C21FB57CB2006D4905 /* AppDelegate.m */; };
		5630E6C61FB57CB2006D4905 /* ViewController.m in Sources */ = {isa = PBXBuildFile; fileRef = 5630E6C51FB57CB2006D4905 /* ViewController.m */; };
		5630E6C91FB57CB2006D4905 /* Main.storyboard in Resources */ = {isa = PBXBuildFile; fileRef = 5630E6C71FB57CB2006D4905 /* Main.storyboard */; };
		5630E6D11FB57CB2006D4905 /* main.m in Sources */ = {isa = PBXBuildFile; fileRef = 5630E6D01FB57CB2006D4905 /* main.m */; };
		5630E6D81FB57D61006D4905 /* YSScrollView.m in Sources */ = {isa = PBXBuildFile; fileRef = 5630E6D71FB57D61006D4905 /* YSScrollView.m */; };
		5630E6DC1FB57DFB006D4905 /* UIView+YS.m in Sources */ = {isa = PBXBuildFile; fileRef = 5630E6DB1FB57DFB006D4905 /* UIView+YS.m */; };
		5630E6DF1FB57F9A006D4905 /* YSScrollView.swift in Sources */ = {isa = PBXBuildFile; fileRef = 5630E6DE1FB57F9A006D4905 /* YSScrollView.swift */; };
		5630E6E11FB57FC0006D4905 /* UIView+YS.swift in Sources */ = {isa = PBXBuildFile; fileRef = 5630E6E01FB57FC0006D4905 /* UIView+YS.swift */; };
		5630E6E31FB57FF7006D4905 /* swiftDefine.swift in Sources */ = {isa = PBXBuildFile; fileRef = 5630E6E21FB57FF7006D4905 /* swiftDefine.swift */; };
		5630E6E81FB580D4006D4905 /* Assets.xcassets in Resources */ = {isa = PBXBuildFile; fileRef = 5630E67E1FB5635D006D4905 /* Assets.xcassets */; };
		5630E6EC1FB58227006D4905 /* LaunchScreen.storyboard in Resources */ = {isa = PBXBuildFile; fileRef = 5630E6CC1FB57CB2006D4905 /* LaunchScreen.storyboard */; };
		66E8A33B254F14D94D464BBE /* Pods_YSOC.framework in Frameworks */ = {isa = PBXBuildFile; fileRef = F3074AABAD5F89E9F80D07CC /* Pods_YSOC.framework */; };
		A2C40B34CDE0B2C0E65A8CB3 /* Pods_YSSwift.framework in Frameworks */ = {isa = PBXBuildFile; fileRef = D8F9CA04AADCF22DB8B2915B /* Pods_YSSwift.framework */; };
/* End PBXBuildFile section */

/* Begin PBXFileReference section */
		4D07E69D34CBCE541EDFFED4 /* Pods-YSSwift.release.xcconfig */ = {isa = PBXFileReference; includeInIndex = 1; lastKnownFileType = text.xcconfig; name = "Pods-YSSwift.release.xcconfig"; path = "Pods/Target Support Files/Pods-YSSwift/Pods-YSSwift.release.xcconfig"; sourceTree = "<group>"; };
		5630E6751FB5635D006D4905 /* YSSwift.app */ = {isa = PBXFileReference; explicitFileType = wrapper.application; includeInIndex = 0; path = YSSwift.app; sourceTree = BUILT_PRODUCTS_DIR; };
		5630E6771FB5635D006D4905 /* AppDelegate.swift */ = {isa = PBXFileReference; lastKnownFileType = sourcecode.swift; path = AppDelegate.swift; sourceTree = "<group>"; };
		5630E6791FB5635D006D4905 /* ViewController.swift */ = {isa = PBXFileReference; lastKnownFileType = sourcecode.swift; path = ViewController.swift; sourceTree = "<group>"; };
		5630E67C1FB5635D006D4905 /* Base */ = {isa = PBXFileReference; lastKnownFileType = file.storyboard; name = Base; path = Base.lproj/Main.storyboard; sourceTree = "<group>"; };
		5630E67E1FB5635D006D4905 /* Assets.xcassets */ = {isa = PBXFileReference; lastKnownFileType = folder.assetcatalog; path = Assets.xcassets; sourceTree = "<group>"; };
		5630E6811FB5635D006D4905 /* Base */ = {isa = PBXFileReference; lastKnownFileType = file.storyboard; name = Base; path = Base.lproj/LaunchScreen.storyboard; sourceTree = "<group>"; };
		5630E6831FB5635D006D4905 /* Info.plist */ = {isa = PBXFileReference; lastKnownFileType = text.plist.xml; path = Info.plist; sourceTree = "<group>"; };
		5630E6BF1FB57CB2006D4905 /* YSOC.app */ = {isa = PBXFileReference; explicitFileType = wrapper.application; includeInIndex = 0; path = YSOC.app; sourceTree = BUILT_PRODUCTS_DIR; };
		5630E6C11FB57CB2006D4905 /* AppDelegate.h */ = {isa = PBXFileReference; lastKnownFileType = sourcecode.c.h; path = AppDelegate.h; sourceTree = "<group>"; };
		5630E6C21FB57CB2006D4905 /* AppDelegate.m */ = {isa = PBXFileReference; lastKnownFileType = sourcecode.c.objc; path = AppDelegate.m; sourceTree = "<group>"; };
		5630E6C41FB57CB2006D4905 /* ViewController.h */ = {isa = PBXFileReference; lastKnownFileType = sourcecode.c.h; path = ViewController.h; sourceTree = "<group>"; };
		5630E6C51FB57CB2006D4905 /* ViewController.m */ = {isa = PBXFileReference; lastKnownFileType = sourcecode.c.objc; path = ViewController.m; sourceTree = "<group>"; };
		5630E6C81FB57CB2006D4905 /* Base */ = {isa = PBXFileReference; lastKnownFileType = file.storyboard; name = Base; path = Base.lproj/Main.storyboard; sourceTree = "<group>"; };
		5630E6CD1FB57CB2006D4905 /* Base */ = {isa = PBXFileReference; lastKnownFileType = file.storyboard; name = Base; path = Base.lproj/LaunchScreen.storyboard; sourceTree = "<group>"; };
		5630E6CF1FB57CB2006D4905 /* Info.plist */ = {isa = PBXFileReference; lastKnownFileType = text.plist.xml; path = Info.plist; sourceTree = "<group>"; };
		5630E6D01FB57CB2006D4905 /* main.m */ = {isa = PBXFileReference; lastKnownFileType = sourcecode.c.objc; path = main.m; sourceTree = "<group>"; };
		5630E6D61FB57D61006D4905 /* YSScrollView.h */ = {isa = PBXFileReference; lastKnownFileType = sourcecode.c.h; path = YSScrollView.h; sourceTree = "<group>"; };
		5630E6D71FB57D61006D4905 /* YSScrollView.m */ = {isa = PBXFileReference; lastKnownFileType = sourcecode.c.objc; path = YSScrollView.m; sourceTree = "<group>"; };
		5630E6D91FB57DA2006D4905 /* Header.h */ = {isa = PBXFileReference; lastKnownFileType = sourcecode.c.h; path = Header.h; sourceTree = "<group>"; };
		5630E6DA1FB57DFB006D4905 /* UIView+YS.h */ = {isa = PBXFileReference; lastKnownFileType = sourcecode.c.h; path = "UIView+YS.h"; sourceTree = "<group>"; };
		5630E6DB1FB57DFB006D4905 /* UIView+YS.m */ = {isa = PBXFileReference; lastKnownFileType = sourcecode.c.objc; path = "UIView+YS.m"; sourceTree = "<group>"; };
		5630E6DE1FB57F9A006D4905 /* YSScrollView.swift */ = {isa = PBXFileReference; lastKnownFileType = sourcecode.swift; path = YSScrollView.swift; sourceTree = "<group>"; };
		5630E6E01FB57FC0006D4905 /* UIView+YS.swift */ = {isa = PBXFileReference; lastKnownFileType = sourcecode.swift; path = "UIView+YS.swift"; sourceTree = "<group>"; };
		5630E6E21FB57FF7006D4905 /* swiftDefine.swift */ = {isa = PBXFileReference; lastKnownFileType = sourcecode.swift; path = swiftDefine.swift; sourceTree = "<group>"; };
		5630E6E41FB58035006D4905 /* YSSwift-Bridging-Header.h */ = {isa = PBXFileReference; lastKnownFileType = sourcecode.c.h; path = "YSSwift-Bridging-Header.h"; sourceTree = "<group>"; };
		6AB406FBFF2218294EB7CF3D /* Pods-YSSwift.debug.xcconfig */ = {isa = PBXFileReference; includeInIndex = 1; lastKnownFileType = text.xcconfig; name = "Pods-YSSwift.debug.xcconfig"; path = "Pods/Target Support Files/Pods-YSSwift/Pods-YSSwift.debug.xcconfig"; sourceTree = "<group>"; };
		C1724DC4558DCC5506356E24 /* Pods-YSOC.release.xcconfig */ = {isa = PBXFileReference; includeInIndex = 1; lastKnownFileType = text.xcconfig; name = "Pods-YSOC.release.xcconfig"; path = "Pods/Target Support Files/Pods-YSOC/Pods-YSOC.release.xcconfig"; sourceTree = "<group>"; };
		D8F9CA04AADCF22DB8B2915B /* Pods_YSSwift.framework */ = {isa = PBXFileReference; explicitFileType = wrapper.framework; includeInIndex = 0; path = Pods_YSSwift.framework; sourceTree = BUILT_PRODUCTS_DIR; };
		F04F2B9E84DF072CFD8C8DAF /* Pods-YSOC.debug.xcconfig */ = {isa = PBXFileReference; includeInIndex = 1; lastKnownFileType = text.xcconfig; name = "Pods-YSOC.debug.xcconfig"; path = "Pods/Target Support Files/Pods-YSOC/Pods-YSOC.debug.xcconfig"; sourceTree = "<group>"; };
		F3074AABAD5F89E9F80D07CC /* Pods_YSOC.framework */ = {isa = PBXFileReference; explicitFileType = wrapper.framework; includeInIndex = 0; path = Pods_YSOC.framework; sourceTree = BUILT_PRODUCTS_DIR; };
/* End PBXFileReference section */

/* Begin PBXFrameworksBuildPhase section */
		5630E6721FB5635D006D4905 /* Frameworks */ = {
			isa = PBXFrameworksBuildPhase;
			buildActionMask = 2147483647;
			files = (
				A2C40B34CDE0B2C0E65A8CB3 /* Pods_YSSwift.framework in Frameworks */,
			);
			runOnlyForDeploymentPostprocessing = 0;
		};
		5630E6BC1FB57CB2006D4905 /* Frameworks */ = {
			isa = PBXFrameworksBuildPhase;
			buildActionMask = 2147483647;
			files = (
				66E8A33B254F14D94D464BBE /* Pods_YSOC.framework in Frameworks */,
			);
			runOnlyForDeploymentPostprocessing = 0;
		};
/* End PBXFrameworksBuildPhase section */

/* Begin PBXGroup section */
		00587E06F1F254E01C756723 /* Frameworks */ = {
			isa = PBXGroup;
			children = (
				F3074AABAD5F89E9F80D07CC /* Pods_YSOC.framework */,
				D8F9CA04AADCF22DB8B2915B /* Pods_YSSwift.framework */,
			);
			name = Frameworks;
			sourceTree = "<group>";
		};
		4A6B843E7A11693AD5102007 /* Pods */ = {
			isa = PBXGroup;
			children = (
				F04F2B9E84DF072CFD8C8DAF /* Pods-YSOC.debug.xcconfig */,
				C1724DC4558DCC5506356E24 /* Pods-YSOC.release.xcconfig */,
				6AB406FBFF2218294EB7CF3D /* Pods-YSSwift.debug.xcconfig */,
				4D07E69D34CBCE541EDFFED4 /* Pods-YSSwift.release.xcconfig */,
			);
			name = Pods;
			sourceTree = "<group>";
		};
		5630E6531FB562FB006D4905 = {
			isa = PBXGroup;
			children = (
				5630E6761FB5635D006D4905 /* YSSwift */,
				5630E6C01FB57CB2006D4905 /* YSOC */,
				5630E65D1FB562FB006D4905 /* Products */,
				4A6B843E7A11693AD5102007 /* Pods */,
				00587E06F1F254E01C756723 /* Frameworks */,
			);
			sourceTree = "<group>";
		};
		5630E65D1FB562FB006D4905 /* Products */ = {
			isa = PBXGroup;
			children = (
				5630E6751FB5635D006D4905 /* YSSwift.app */,
				5630E6BF1FB57CB2006D4905 /* YSOC.app */,
			);
			name = Products;
			sourceTree = "<group>";
		};
		5630E6761FB5635D006D4905 /* YSSwift */ = {
			isa = PBXGroup;
			children = (
				5630E6771FB5635D006D4905 /* AppDelegate.swift */,
				5630E6791FB5635D006D4905 /* ViewController.swift */,
				5630E6E41FB58035006D4905 /* YSSwift-Bridging-Header.h */,
				5630E6DD1FB57F75006D4905 /* YSScrollView */,
				5630E67B1FB5635D006D4905 /* Main.storyboard */,
				5630E67E1FB5635D006D4905 /* Assets.xcassets */,
				5630E6801FB5635D006D4905 /* LaunchScreen.storyboard */,
				5630E6831FB5635D006D4905 /* Info.plist */,
			);
			path = YSSwift;
			sourceTree = "<group>";
		};
		5630E6C01FB57CB2006D4905 /* YSOC */ = {
			isa = PBXGroup;
			children = (
				5630E6C11FB57CB2006D4905 /* AppDelegate.h */,
				5630E6C21FB57CB2006D4905 /* AppDelegate.m */,
				5630E6C41FB57CB2006D4905 /* ViewController.h */,
				5630E6C51FB57CB2006D4905 /* ViewController.m */,
				5630E6D51FB57D47006D4905 /* YSScrollView */,
				5630E6C71FB57CB2006D4905 /* Main.storyboard */,
				5630E6CC1FB57CB2006D4905 /* LaunchScreen.storyboard */,
				5630E6CF1FB57CB2006D4905 /* Info.plist */,
				5630E6D01FB57CB2006D4905 /* main.m */,
			);
			path = YSOC;
			sourceTree = "<group>";
		};
		5630E6D51FB57D47006D4905 /* YSScrollView */ = {
			isa = PBXGroup;
			children = (
				5630E6D61FB57D61006D4905 /* YSScrollView.h */,
				5630E6D71FB57D61006D4905 /* YSScrollView.m */,
				5630E6D91FB57DA2006D4905 /* Header.h */,
				5630E6DA1FB57DFB006D4905 /* UIView+YS.h */,
				5630E6DB1FB57DFB006D4905 /* UIView+YS.m */,
			);
			path = YSScrollView;
			sourceTree = "<group>";
		};
		5630E6DD1FB57F75006D4905 /* YSScrollView */ = {
			isa = PBXGroup;
			children = (
				5630E6DE1FB57F9A006D4905 /* YSScrollView.swift */,
				5630E6E01FB57FC0006D4905 /* UIView+YS.swift */,
				5630E6E21FB57FF7006D4905 /* swiftDefine.swift */,
			);
			path = YSScrollView;
			sourceTree = "<group>";
		};
/* End PBXGroup section */

/* Begin PBXNativeTarget section */
		5630E6741FB5635D006D4905 /* YSSwift */ = {
			isa = PBXNativeTarget;
			buildConfigurationList = 5630E6841FB5635D006D4905 /* Build configuration list for PBXNativeTarget "YSSwift" */;
			buildPhases = (
				19B468A9BDDF87A4B63B1B7F /* [CP] Check Pods Manifest.lock */,
				5630E6711FB5635D006D4905 /* Sources */,
				5630E6721FB5635D006D4905 /* Frameworks */,
				5630E6731FB5635D006D4905 /* Resources */,
				8C8AAD9186058884532AF518 /* [CP] Embed Pods Frameworks */,
				2063A280EE33121146FB9EF0 /* [CP] Copy Pods Resources */,
			);
			buildRules = (
			);
			dependencies = (
			);
			name = YSSwift;
			productName = YSSwift;
			productReference = 5630E6751FB5635D006D4905 /* YSSwift.app */;
			productType = "com.apple.product-type.application";
		};
		5630E6BE1FB57CB2006D4905 /* YSOC */ = {
			isa = PBXNativeTarget;
			buildConfigurationList = 5630E6D21FB57CB2006D4905 /* Build configuration list for PBXNativeTarget "YSOC" */;
			buildPhases = (
				1B0838952E8A41C09D4857BD /* [CP] Check Pods Manifest.lock */,
				5630E6BB1FB57CB2006D4905 /* Sources */,
				5630E6BC1FB57CB2006D4905 /* Frameworks */,
				5630E6BD1FB57CB2006D4905 /* Resources */,
				CA9025B37DAE7175F0260571 /* [CP] Embed Pods Frameworks */,
				92ADCF80193028FE2CC36982 /* [CP] Copy Pods Resources */,
			);
			buildRules = (
			);
			dependencies = (
			);
			name = YSOC;
			productName = YSOC;
			productReference = 5630E6BF1FB57CB2006D4905 /* YSOC.app */;
			productType = "com.apple.product-type.application";
		};
/* End PBXNativeTarget section */

/* Begin PBXProject section */
		5630E6541FB562FB006D4905 /* Project object */ = {
			isa = PBXProject;
			attributes = {
				LastSwiftUpdateCheck = 0910;
				LastUpgradeCheck = 0910;
				ORGANIZATIONNAME = "懒人";
				TargetAttributes = {
					5630E6741FB5635D006D4905 = {
						CreatedOnToolsVersion = 9.1;
						LastSwiftMigration = 0910;
						ProvisioningStyle = Automatic;
					};
					5630E6BE1FB57CB2006D4905 = {
						CreatedOnToolsVersion = 9.1;
						ProvisioningStyle = Automatic;
					};
				};
			};
			buildConfigurationList = 5630E6571FB562FB006D4905 /* Build configuration list for PBXProject "YSScrollView" */;
			compatibilityVersion = "Xcode 8.0";
			developmentRegion = en;
			hasScannedForEncodings = 0;
			knownRegions = (
				en,
				Base,
			);
			mainGroup = 5630E6531FB562FB006D4905;
			productRefGroup = 5630E65D1FB562FB006D4905 /* Products */;
			projectDirPath = "";
			projectRoot = "";
			targets = (
				5630E6741FB5635D006D4905 /* YSSwift */,
				5630E6BE1FB57CB2006D4905 /* YSOC */,
			);
		};
/* End PBXProject section */

/* Begin PBXResourcesBuildPhase section */
		5630E6731FB5635D006D4905 /* Resources */ = {
			isa = PBXResourcesBuildPhase;
			buildActionMask = 2147483647;
			files = (
				5630E6821FB5635D006D4905 /* LaunchScreen.storyboard in Resources */,
				5630E67F1FB5635D006D4905 /* Assets.xcassets in Resources */,
				5630E67D1FB5635D006D4905 /* Main.storyboard in Resources */,
			);
			runOnlyForDeploymentPostprocessing = 0;
		};
		5630E6BD1FB57CB2006D4905 /* Resources */ = {
			isa = PBXResourcesBuildPhase;
			buildActionMask = 2147483647;
			files = (
				5630E6EC1FB58227006D4905 /* LaunchScreen.storyboard in Resources */,
				5630E6E81FB580D4006D4905 /* Assets.xcassets in Resources */,
				5630E6C91FB57CB2006D4905 /* Main.storyboard in Resources */,
			);
			runOnlyForDeploymentPostprocessing = 0;
		};
/* End PBXResourcesBuildPhase section */

/* Begin PBXShellScriptBuildPhase section */
		19B468A9BDDF87A4B63B1B7F /* [CP] Check Pods Manifest.lock */ = {
			isa = PBXShellScriptBuildPhase;
			buildActionMask = 2147483647;
			files = (
			);
			inputPaths = (
				"${PODS_PODFILE_DIR_PATH}/Podfile.lock",
				"${PODS_ROOT}/Manifest.lock",
			);
			name = "[CP] Check Pods Manifest.lock";
			outputPaths = (
				"$(DERIVED_FILE_DIR)/Pods-YSSwift-checkManifestLockResult.txt",
			);
			runOnlyForDeploymentPostprocessing = 0;
			shellPath = /bin/sh;
			shellScript = "diff \"${PODS_PODFILE_DIR_PATH}/Podfile.lock\" \"${PODS_ROOT}/Manifest.lock\" > /dev/null\nif [ $? != 0 ] ; then\n    # print error to STDERR\n    echo \"error: The sandbox is not in sync with the Podfile.lock. Run 'pod install' or update your CocoaPods installation.\" >&2\n    exit 1\nfi\n# This output is used by Xcode 'outputs' to avoid re-running this script phase.\necho \"SUCCESS\" > \"${SCRIPT_OUTPUT_FILE_0}\"\n";
			showEnvVarsInLog = 0;
		};
		1B0838952E8A41C09D4857BD /* [CP] Check Pods Manifest.lock */ = {
			isa = PBXShellScriptBuildPhase;
			buildActionMask = 2147483647;
			files = (
			);
			inputPaths = (
				"${PODS_PODFILE_DIR_PATH}/Podfile.lock",
				"${PODS_ROOT}/Manifest.lock",
			);
			name = "[CP] Check Pods Manifest.lock";
			outputPaths = (
				"$(DERIVED_FILE_DIR)/Pods-YSOC-checkManifestLockResult.txt",
			);
			runOnlyForDeploymentPostprocessing = 0;
			shellPath = /bin/sh;
			shellScript = "diff \"${PODS_PODFILE_DIR_PATH}/Podfile.lock\" \"${PODS_ROOT}/Manifest.lock\" > /dev/null\nif [ $? != 0 ] ; then\n    # print error to STDERR\n    echo \"error: The sandbox is not in sync with the Podfile.lock. Run 'pod install' or update your CocoaPods installation.\" >&2\n    exit 1\nfi\n# This output is used by Xcode 'outputs' to avoid re-running this script phase.\necho \"SUCCESS\" > \"${SCRIPT_OUTPUT_FILE_0}\"\n";
			showEnvVarsInLog = 0;
		};
		2063A280EE33121146FB9EF0 /* [CP] Copy Pods Resources */ = {
			isa = PBXShellScriptBuildPhase;
			buildActionMask = 2147483647;
			files = (
			);
			inputPaths = (
			);
			name = "[CP] Copy Pods Resources";
			outputPaths = (
			);
			runOnlyForDeploymentPostprocessing = 0;
			shellPath = /bin/sh;
			shellScript = "\"${SRCROOT}/Pods/Target Support Files/Pods-YSSwift/Pods-YSSwift-resources.sh\"\n";
			showEnvVarsInLog = 0;
		};
		8C8AAD9186058884532AF518 /* [CP] Embed Pods Frameworks */ = {
			isa = PBXShellScriptBuildPhase;
			buildActionMask = 2147483647;
			files = (
			);
			inputPaths = (
				"${SRCROOT}/Pods/Target Support Files/Pods-YSSwift/Pods-YSSwift-frameworks.sh",
				"${BUILT_PRODUCTS_DIR}/SDWebImage/SDWebImage.framework",
			);
			name = "[CP] Embed Pods Frameworks";
			outputPaths = (
				"${TARGET_BUILD_DIR}/${FRAMEWORKS_FOLDER_PATH}/SDWebImage.framework",
			);
			runOnlyForDeploymentPostprocessing = 0;
			shellPath = /bin/sh;
			shellScript = "\"${SRCROOT}/Pods/Target Support Files/Pods-YSSwift/Pods-YSSwift-frameworks.sh\"\n";
			showEnvVarsInLog = 0;
		};
		92ADCF80193028FE2CC36982 /* [CP] Copy Pods Resources */ = {
			isa = PBXShellScriptBuildPhase;
			buildActionMask = 2147483647;
			files = (
			);
			inputPaths = (
			);
			name = "[CP] Copy Pods Resources";
			outputPaths = (
			);
			runOnlyForDeploymentPostprocessing = 0;
			shellPath = /bin/sh;
			shellScript = "\"${SRCROOT}/Pods/Target Support Files/Pods-YSOC/Pods-YSOC-resources.sh\"\n";
			showEnvVarsInLog = 0;
		};
		CA9025B37DAE7175F0260571 /* [CP] Embed Pods Frameworks */ = {
			isa = PBXShellScriptBuildPhase;
			buildActionMask = 2147483647;
			files = (
			);
			inputPaths = (
				"${SRCROOT}/Pods/Target Support Files/Pods-YSOC/Pods-YSOC-frameworks.sh",
				"${BUILT_PRODUCTS_DIR}/SDWebImage/SDWebImage.framework",
			);
			name = "[CP] Embed Pods Frameworks";
			outputPaths = (
				"${TARGET_BUILD_DIR}/${FRAMEWORKS_FOLDER_PATH}/SDWebImage.framework",
			);
			runOnlyForDeploymentPostprocessing = 0;
			shellPath = /bin/sh;
			shellScript = "\"${SRCROOT}/Pods/Target Support Files/Pods-YSOC/Pods-YSOC-frameworks.sh\"\n";
			showEnvVarsInLog = 0;
		};
/* End PBXShellScriptBuildPhase section */

/* Begin PBXSourcesBuildPhase section */
		5630E6711FB5635D006D4905 /* Sources */ = {
			isa = PBXSourcesBuildPhase;
			buildActionMask = 2147483647;
			files = (
				5630E67A1FB5635D006D4905 /* ViewController.swift in Sources */,
				5630E6DF1FB57F9A006D4905 /* YSScrollView.swift in Sources */,
				5630E6E11FB57FC0006D4905 /* UIView+YS.swift in Sources */,
				5630E6781FB5635D006D4905 /* AppDelegate.swift in Sources */,
				5630E6E31FB57FF7006D4905 /* swiftDefine.swift in Sources */,
			);
			runOnlyForDeploymentPostprocessing = 0;
		};
		5630E6BB1FB57CB2006D4905 /* Sources */ = {
			isa = PBXSourcesBuildPhase;
			buildActionMask = 2147483647;
			files = (
				5630E6C61FB57CB2006D4905 /* ViewController.m in Sources */,
				5630E6D11FB57CB2006D4905 /* main.m in Sources */,
				5630E6C31FB57CB2006D4905 /* AppDelegate.m in Sources */,
				5630E6DC1FB57DFB006D4905 /* UIView+YS.m in Sources */,
				5630E6D81FB57D61006D4905 /* YSScrollView.m in Sources */,
			);
			runOnlyForDeploymentPostprocessing = 0;
		};
/* End PBXSourcesBuildPhase section */

/* Begin PBXVariantGroup section */
		5630E67B1FB5635D006D4905 /* Main.storyboard */ = {
			isa = PBXVariantGroup;
			children = (
				5630E67C1FB5635D006D4905 /* Base */,
			);
			name = Main.storyboard;
			sourceTree = "<group>";
		};
		5630E6801FB5635D006D4905 /* LaunchScreen.storyboard */ = {
			isa = PBXVariantGroup;
			children = (
				5630E6811FB5635D006D4905 /* Base */,
			);
			name = LaunchScreen.storyboard;
			sourceTree = "<group>";
		};
		5630E6C71FB57CB2006D4905 /* Main.storyboard */ = {
			isa = PBXVariantGroup;
			children = (
				5630E6C81FB57CB2006D4905 /* Base */,
			);
			name = Main.storyboard;
			sourceTree = "<group>";
		};
		5630E6CC1FB57CB2006D4905 /* LaunchScreen.storyboard */ = {
			isa = PBXVariantGroup;
			children = (
				5630E6CD1FB57CB2006D4905 /* Base */,
			);
			name = LaunchScreen.storyboard;
			sourceTree = "<group>";
		};
/* End PBXVariantGroup section */

/* Begin XCBuildConfiguration section */
		5630E66C1FB562FB006D4905 /* Debug */ = {
			isa = XCBuildConfiguration;
			buildSettings = {
				ALWAYS_SEARCH_USER_PATHS = NO;
				CLANG_ANALYZER_NONNULL = YES;
				CLANG_ANALYZER_NUMBER_OBJECT_CONVERSION = YES_AGGRESSIVE;
				CLANG_CXX_LANGUAGE_STANDARD = "gnu++14";
				CLANG_CXX_LIBRARY = "libc++";
				CLANG_ENABLE_MODULES = YES;
				CLANG_ENABLE_OBJC_ARC = YES;
				CLANG_WARN_BLOCK_CAPTURE_AUTORELEASING = YES;
				CLANG_WARN_BOOL_CONVERSION = YES;
				CLANG_WARN_COMMA = YES;
				CLANG_WARN_CONSTANT_CONVERSION = YES;
				CLANG_WARN_DIRECT_OBJC_ISA_USAGE = YES_ERROR;
				CLANG_WARN_DOCUMENTATION_COMMENTS = YES;
				CLANG_WARN_EMPTY_BODY = YES;
				CLANG_WARN_ENUM_CONVERSION = YES;
				CLANG_WARN_INFINITE_RECURSION = YES;
				CLANG_WARN_INT_CONVERSION = YES;
				CLANG_WARN_NON_LITERAL_NULL_CONVERSION = YES;
				CLANG_WARN_OBJC_LITERAL_CONVERSION = YES;
				CLANG_WARN_OBJC_ROOT_CLASS = YES_ERROR;
				CLANG_WARN_RANGE_LOOP_ANALYSIS = YES;
				CLANG_WARN_STRICT_PROTOTYPES = YES;
				CLANG_WARN_SUSPICIOUS_MOVE = YES;
				CLANG_WARN_UNGUARDED_AVAILABILITY = YES_AGGRESSIVE;
				CLANG_WARN_UNREACHABLE_CODE = YES;
				CLANG_WARN__DUPLICATE_METHOD_MATCH = YES;
				CODE_SIGN_IDENTITY = "iPhone Developer";
				COPY_PHASE_STRIP = NO;
				DEBUG_INFORMATION_FORMAT = dwarf;
				ENABLE_STRICT_OBJC_MSGSEND = YES;
				ENABLE_TESTABILITY = YES;
				GCC_C_LANGUAGE_STANDARD = gnu11;
				GCC_DYNAMIC_NO_PIC = NO;
				GCC_NO_COMMON_BLOCKS = YES;
				GCC_OPTIMIZATION_LEVEL = 0;
				GCC_PREPROCESSOR_DEFINITIONS = (
					"DEBUG=1",
					"$(inherited)",
				);
				GCC_WARN_64_TO_32_BIT_CONVERSION = YES;
				GCC_WARN_ABOUT_RETURN_TYPE = YES_ERROR;
				GCC_WARN_UNDECLARED_SELECTOR = YES;
				GCC_WARN_UNINITIALIZED_AUTOS = YES_AGGRESSIVE;
				GCC_WARN_UNUSED_FUNCTION = YES;
				GCC_WARN_UNUSED_VARIABLE = YES;
				IPHONEOS_DEPLOYMENT_TARGET = 11.1;
				MTL_ENABLE_DEBUG_INFO = YES;
				ONLY_ACTIVE_ARCH = YES;
				SDKROOT = iphoneos;
				SWIFT_ACTIVE_COMPILATION_CONDITIONS = DEBUG;
				SWIFT_OPTIMIZATION_LEVEL = "-Onone";
			};
			name = Debug;
		};
		5630E66D1FB562FB006D4905 /* Release */ = {
			isa = XCBuildConfiguration;
			buildSettings = {
				ALWAYS_SEARCH_USER_PATHS = NO;
				CLANG_ANALYZER_NONNULL = YES;
				CLANG_ANALYZER_NUMBER_OBJECT_CONVERSION = YES_AGGRESSIVE;
				CLANG_CXX_LANGUAGE_STANDARD = "gnu++14";
				CLANG_CXX_LIBRARY = "libc++";
				CLANG_ENABLE_MODULES = YES;
				CLANG_ENABLE_OBJC_ARC = YES;
				CLANG_WARN_BLOCK_CAPTURE_AUTORELEASING = YES;
				CLANG_WARN_BOOL_CONVERSION = YES;
				CLANG_WARN_COMMA = YES;
				CLANG_WARN_CONSTANT_CONVERSION = YES;
				CLANG_WARN_DIRECT_OBJC_ISA_USAGE = YES_ERROR;
				CLANG_WARN_DOCUMENTATION_COMMENTS = YES;
				CLANG_WARN_EMPTY_BODY = YES;
				CLANG_WARN_ENUM_CONVERSION = YES;
				CLANG_WARN_INFINITE_RECURSION = YES;
				CLANG_WARN_INT_CONVERSION = YES;
				CLANG_WARN_NON_LITERAL_NULL_CONVERSION = YES;
				CLANG_WARN_OBJC_LITERAL_CONVERSION = YES;
				CLANG_WARN_OBJC_ROOT_CLASS = YES_ERROR;
				CLANG_WARN_RANGE_LOOP_ANALYSIS = YES;
				CLANG_WARN_STRICT_PROTOTYPES = YES;
				CLANG_WARN_SUSPICIOUS_MOVE = YES;
				CLANG_WARN_UNGUARDED_AVAILABILITY = YES_AGGRESSIVE;
				CLANG_WARN_UNREACHABLE_CODE = YES;
				CLANG_WARN__DUPLICATE_METHOD_MATCH = YES;
				CODE_SIGN_IDENTITY = "iPhone Developer";
				COPY_PHASE_STRIP = NO;
				DEBUG_INFORMATION_FORMAT = "dwarf-with-dsym";
				ENABLE_NS_ASSERTIONS = NO;
				ENABLE_STRICT_OBJC_MSGSEND = YES;
				GCC_C_LANGUAGE_STANDARD = gnu11;
				GCC_NO_COMMON_BLOCKS = YES;
				GCC_WARN_64_TO_32_BIT_CONVERSION = YES;
				GCC_WARN_ABOUT_RETURN_TYPE = YES_ERROR;
				GCC_WARN_UNDECLARED_SELECTOR = YES;
				GCC_WARN_UNINITIALIZED_AUTOS = YES_AGGRESSIVE;
				GCC_WARN_UNUSED_FUNCTION = YES;
				GCC_WARN_UNUSED_VARIABLE = YES;
				IPHONEOS_DEPLOYMENT_TARGET = 11.1;
				MTL_ENABLE_DEBUG_INFO = NO;
				SDKROOT = iphoneos;
				SWIFT_OPTIMIZATION_LEVEL = "-Owholemodule";
				VALIDATE_PRODUCT = YES;
			};
			name = Release;
		};
		5630E6851FB5635D006D4905 /* Debug */ = {
			isa = XCBuildConfiguration;
			baseConfigurationReference = 6AB406FBFF2218294EB7CF3D /* Pods-YSSwift.debug.xcconfig */;
			buildSettings = {
				ASSETCATALOG_COMPILER_APPICON_NAME = AppIcon;
				CLANG_ENABLE_MODULES = YES;
				CODE_SIGN_STYLE = Automatic;
				DEVELOPMENT_TEAM = AS2W42528C;
				INFOPLIST_FILE = YSSwift/Info.plist;
				IPHONEOS_DEPLOYMENT_TARGET = 9.0;
				LD_RUNPATH_SEARCH_PATHS = "$(inherited) @executable_path/Frameworks";
				PRODUCT_BUNDLE_IDENTIFIER = cn.sara430.YSScrollView.Swift;
				PRODUCT_NAME = "$(TARGET_NAME)";
				SWIFT_OBJC_BRIDGING_HEADER = "YSSwift/YSSwift-Bridging-Header.h";
				SWIFT_OPTIMIZATION_LEVEL = "-Onone";
				SWIFT_VERSION = 4.0;
				TARGETED_DEVICE_FAMILY = "1,2";
			};
			name = Debug;
		};
		5630E6861FB5635D006D4905 /* Release */ = {
			isa = XCBuildConfiguration;
			baseConfigurationReference = 4D07E69D34CBCE541EDFFED4 /* Pods-YSSwift.release.xcconfig */;
			buildSettings = {
				ASSETCATALOG_COMPILER_APPICON_NAME = AppIcon;
				CLANG_ENABLE_MODULES = YES;
				CODE_SIGN_STYLE = Automatic;
				DEVELOPMENT_TEAM = AS2W42528C;
				INFOPLIST_FILE = YSSwift/Info.plist;
				IPHONEOS_DEPLOYMENT_TARGET = 9.0;
				LD_RUNPATH_SEARCH_PATHS = "$(inherited) @executable_path/Frameworks";
				PRODUCT_BUNDLE_IDENTIFIER = cn.sara430.YSScrollView.Swift;
				PRODUCT_NAME = "$(TARGET_NAME)";
				SWIFT_OBJC_BRIDGING_HEADER = "YSSwift/YSSwift-Bridging-Header.h";
				SWIFT_VERSION = 4.0;
				TARGETED_DEVICE_FAMILY = "1,2";
			};
			name = Release;
		};
		5630E6D31FB57CB2006D4905 /* Debug */ = {
			isa = XCBuildConfiguration;
			baseConfigurationReference = F04F2B9E84DF072CFD8C8DAF /* Pods-YSOC.debug.xcconfig */;
			buildSettings = {
				ASSETCATALOG_COMPILER_APPICON_NAME = AppIcon;
				CODE_SIGN_STYLE = Automatic;
				DEVELOPMENT_TEAM = AS2W42528C;
				INFOPLIST_FILE = YSOC/Info.plist;
				IPHONEOS_DEPLOYMENT_TARGET = 9.0;
				LD_RUNPATH_SEARCH_PATHS = "$(inherited) @executable_path/Frameworks";
				PRODUCT_BUNDLE_IDENTIFIER = cn.sara430.YSScrollView.OC;
				PRODUCT_NAME = "$(TARGET_NAME)";
				TARGETED_DEVICE_FAMILY = "1,2";
			};
			name = Debug;
		};
		5630E6D41FB57CB2006D4905 /* Release */ = {
			isa = XCBuildConfiguration;
			baseConfigurationReference = C1724DC4558DCC5506356E24 /* Pods-YSOC.release.xcconfig */;
			buildSettings = {
				ASSETCATALOG_COMPILER_APPICON_NAME = AppIcon;
				CODE_SIGN_STYLE = Automatic;
				DEVELOPMENT_TEAM = AS2W42528C;
				INFOPLIST_FILE = YSOC/Info.plist;
				IPHONEOS_DEPLOYMENT_TARGET = 9.0;
				LD_RUNPATH_SEARCH_PATHS = "$(inherited) @executable_path/Frameworks";
				PRODUCT_BUNDLE_IDENTIFIER = cn.sara430.YSScrollView.OC;
				PRODUCT_NAME = "$(TARGET_NAME)";
				TARGETED_DEVICE_FAMILY = "1,2";
			};
			name = Release;
		};
/* End XCBuildConfiguration section */

/* Begin XCConfigurationList section */
		5630E6571FB562FB006D4905 /* Build configuration list for PBXProject "YSScrollView" */ = {
			isa = XCConfigurationList;
			buildConfigurations = (
				5630E66C1FB562FB006D4905 /* Debug */,
				5630E66D1FB562FB006D4905 /* Release */,
			);
			defaultConfigurationIsVisible = 0;
			defaultConfigurationName = Release;
		};
		5630E6841FB5635D006D4905 /* Build configuration list for PBXNativeTarget "YSSwift" */ = {
			isa = XCConfigurationList;
			buildConfigurations = (
				5630E6851FB5635D006D4905 /* Debug */,
				5630E6861FB5635D006D4905 /* Release */,
			);
			defaultConfigurationIsVisible = 0;
			defaultConfigurationName = Release;
		};
		5630E6D21FB57CB2006D4905 /* Build configuration list for PBXNativeTarget "YSOC" */ = {
			isa = XCConfigurationList;
			buildConfigurations = (
				5630E6D31FB57CB2006D4905 /* Debug */,
				5630E6D41FB57CB2006D4905 /* Release */,
			);
			defaultConfigurationIsVisible = 0;
			defaultConfigurationName = Release;
		};
/* End XCConfigurationList section */
	};
	rootObject = 5630E6541FB562FB006D4905 /* Project object */;
}
